
Microsoft Visual Studio Solution File, Format Version 12.00
# Visual Studio Version 17
VisualStudioVersion = 17.9.34616.47
MinimumVisualStudioVersion = 10.0.40219.1
Project("{FAE04EC0-301F-11D3-BF4B-00C04F79EFBC}") = "Is-Prime-Method", "Is-Prime-Method\Is-Prime-Method.csproj", "{A2C1FD64-2D49-49C6-A9C3-3E795CE15D32}"
EndProject
Global
	GlobalSection(SolutionConfigurationPlatforms) = preSolution
		Debug|Any CPU = Debug|Any CPU
		Release|Any CPU = Release|Any CPU
	EndGlobalSection
	GlobalSection(ProjectConfigurationPlatforms) = postSolution
		{A2C1FD64-2D49-49C6-A9C3-3E795CE15D32}.Debug|Any CPU.ActiveCfg = Debug|Any CPU
		{A2C1FD64-2D49-49C6-A9C3-3E795CE15D32}.Debug|Any CPU.Build.0 = Debug|Any CPU
		{A2C1FD64-2D49-49C6-A9C3-3E795CE15D32}.Release|Any CPU.ActiveCfg = Release|Any CPU
		{A2C1FD64-2D49-49C6-A9C3-3E795CE15D32}.Release|Any CPU.Build.0 = Release|Any CPU
	EndGlobalSection
	GlobalSection(SolutionProperties) = preSolution
		HideSolutionNode = FALSE
	EndGlobalSection
	GlobalSection(ExtensibilityGlobals) = postSolution
		SolutionGuid = {9802DB20-A8A8-47DA-89C5-C93839617E68}
	EndGlobalSection
EndGlobal
